
Microsoft Visual Studio Solution File, Format Version 12.00
# Visual Studio Version 17
VisualStudioVersion = 17.9.34616.47
MinimumVisualStudioVersion = 10.0.40219.1
Project("{8BC9CEB8-8B4A-11D0-8D11-00A0C91BC942}") = "StrukturC", "StrukturC\StrukturC.vcxproj", "{D448632C-F469-4AE3-B436-093CB2146496}"
EndProject
Project("{8BC9CEB8-8B4A-11D0-8D11-00A0C91BC942}") = "StructurC_2", "StructurC_2\StructurC_2.vcxproj", "{E19A867C-B706-46C5-B5F1-C5D2A130B0DE}"
EndProject
Project("{8BC9CEB8-8B4A-11D0-8D11-00A0C91BC942}") = "StrukturC_3", "StrukturC_3\StrukturC_3.vcxproj", "{0DFD5734-EF70-460C-834D-64315D6B2326}"
EndProject
Global
	GlobalSection(SolutionConfigurationPlatforms) = preSolution
		Debug|x64 = Debug|x64
		Debug|x86 = Debug|x86
		Release|x64 = Release|x64
		Release|x86 = Release|x86
	EndGlobalSection
	GlobalSection(ProjectConfigurationPlatforms) = postSolution
		{D448632C-F469-4AE3-B436-093CB2146496}.Debug|x64.ActiveCfg = Debug|x64
		{D448632C-F469-4AE3-B436-093CB2146496}.Debug|x64.Build.0 = Debug|x64
		{D448632C-F469-4AE3-B436-093CB2146496}.Debug|x86.ActiveCfg = Debug|Win32
		{D448632C-F469-4AE3-B436-093CB2146496}.Debug|x86.Build.0 = Debug|Win32
		{D448632C-F469-4AE3-B436-093CB2146496}.Release|x64.ActiveCfg = Release|x64
		{D448632C-F469-4AE3-B436-093CB2146496}.Release|x64.Build.0 = Release|x64
		{D448632C-F469-4AE3-B436-093CB2146496}.Release|x86.ActiveCfg = Release|Win32
		{D448632C-F469-4AE3-B436-093CB2146496}.Release|x86.Build.0 = Release|Win32
		{E19A867C-B706-46C5-B5F1-C5D2A130B0DE}.Debug|x64.ActiveCfg = Debug|x64
		{E19A867C-B706-46C5-B5F1-C5D2A130B0DE}.Debug|x64.Build.0 = Debug|x64
		{E19A867C-B706-46C5-B5F1-C5D2A130B0DE}.Debug|x86.ActiveCfg = Debug|Win32
		{E19A867C-B706-46C5-B5F1-C5D2A130B0DE}.Debug|x86.Build.0 = Debug|Win32
		{E19A867C-B706-46C5-B5F1-C5D2A130B0DE}.Release|x64.ActiveCfg = Release|x64
		{E19A867C-B706-46C5-B5F1-C5D2A130B0DE}.Release|x64.Build.0 = Release|x64
		{E19A867C-B706-46C5-B5F1-C5D2A130B0DE}.Release|x86.ActiveCfg = Release|Win32
		{E19A867C-B706-46C5-B5F1-C5D2A130B0DE}.Release|x86.Build.0 = Release|Win32
		{0DFD5734-EF70-460C-834D-64315D6B2326}.Debug|x64.ActiveCfg = Debug|x64
		{0DFD5734-EF70-460C-834D-64315D6B2326}.Debug|x64.Build.0 = Debug|x64
		{0DFD5734-EF70-460C-834D-64315D6B2326}.Debug|x86.ActiveCfg = Debug|Win32
		{0DFD5734-EF70-460C-834D-64315D6B2326}.Debug|x86.Build.0 = Debug|Win32
		{0DFD5734-EF70-460C-834D-64315D6B2326}.Release|x64.ActiveCfg = Release|x64
		{0DFD5734-EF70-460C-834D-64315D6B2326}.Release|x64.Build.0 = Release|x64
		{0DFD5734-EF70-460C-834D-64315D6B2326}.Release|x86.ActiveCfg = Release|Win32
		{0DFD5734-EF70-460C-834D-64315D6B2326}.Release|x86.Build.0 = Release|Win32
	EndGlobalSection
	GlobalSection(SolutionProperties) = preSolution
		HideSolutionNode = FALSE
	EndGlobalSection
	GlobalSection(ExtensibilityGlobals) = postSolution
		SolutionGuid = {2CFEEE60-D618-4ED1-83B4-675DD0E2D017}
	EndGlobalSection
EndGlobal
